// !$*UTF8*$!
{
	archiveVersion = 1;
	classes = {
	};
	objectVersion = 50;
	objects = {

/* Begin PBXBuildFile section */
		2524C2E4215550BC008EBE5C /* SignInViewController.swift in Sources */ = {isa = PBXBuildFile; fileRef = 2524C2E3215550BC008EBE5C /* SignInViewController.swift */; };
		2524C2E621556725008EBE5C /* ChatController.swift in Sources */ = {isa = PBXBuildFile; fileRef = 2524C2E521556725008EBE5C /* ChatController.swift */; };
		2524C2E82155685A008EBE5C /* ChatCell.swift in Sources */ = {isa = PBXBuildFile; fileRef = 2524C2E72155685A008EBE5C /* ChatCell.swift */; };
		2565F4AF215423D30034FD72 /* GoogleService-Info.plist in Resources */ = {isa = PBXBuildFile; fileRef = 2565F4AE215423D30034FD72 /* GoogleService-Info.plist */; };
		2565F4B1215423DE0034FD72 /* UsersViewController.swift in Sources */ = {isa = PBXBuildFile; fileRef = 2565F4B0215423DE0034FD72 /* UsersViewController.swift */; };
		2565F4B5215431BA0034FD72 /* UsersCollectionViewCell.swift in Sources */ = {isa = PBXBuildFile; fileRef = 2565F4B4215431BA0034FD72 /* UsersCollectionViewCell.swift */; };
		2565F4B7215440910034FD72 /* UsersDetailViewController.swift in Sources */ = {isa = PBXBuildFile; fileRef = 2565F4B6215440910034FD72 /* UsersDetailViewController.swift */; };
		2565F4BB21544CFC0034FD72 /* User.swift in Sources */ = {isa = PBXBuildFile; fileRef = 2565F4BA21544CFC0034FD72 /* User.swift */; };
		2565F4C0215461610034FD72 /* ProfileViewController.swift in Sources */ = {isa = PBXBuildFile; fileRef = 2565F4BF215461610034FD72 /* ProfileViewController.swift */; };
		25E926BE215420A400C1D019 /* AppDelegate.swift in Sources */ = {isa = PBXBuildFile; fileRef = 25E926BD215420A400C1D019 /* AppDelegate.swift */; };
		25E926C3215420A400C1D019 /* Main.storyboard in Resources */ = {isa = PBXBuildFile; fileRef = 25E926C1215420A400C1D019 /* Main.storyboard */; };
		25E926C5215420A500C1D019 /* Assets.xcassets in Resources */ = {isa = PBXBuildFile; fileRef = 25E926C4215420A500C1D019 /* Assets.xcassets */; };
		25E926C8215420A500C1D019 /* LaunchScreen.storyboard in Resources */ = {isa = PBXBuildFile; fileRef = 25E926C6215420A500C1D019 /* LaunchScreen.storyboard */; };
		25FDE3F02156917100D1C00E /* UIButtonExtentsion.swift in Sources */ = {isa = PBXBuildFile; fileRef = 25FDE3EF2156917100D1C00E /* UIButtonExtentsion.swift */; };
		25FDE3F22156982B00D1C00E /* Colors.swift in Sources */ = {isa = PBXBuildFile; fileRef = 25FDE3F12156982B00D1C00E /* Colors.swift */; };
		25FDE3F421569AFF00D1C00E /* UIViewExtentsion.swift in Sources */ = {isa = PBXBuildFile; fileRef = 25FDE3F321569AFF00D1C00E /* UIViewExtentsion.swift */; };
		B0C0FAC59BBDF97137A19CF7 /* Pods_reSOUND.framework in Frameworks */ = {isa = PBXBuildFile; fileRef = 31D6C8B4642768B3A9A9C8F6 /* Pods_reSOUND.framework */; };
/* End PBXBuildFile section */

/* Begin PBXFileReference section */
		2524C2E3215550BC008EBE5C /* SignInViewController.swift */ = {isa = PBXFileReference; lastKnownFileType = sourcecode.swift; path = SignInViewController.swift; sourceTree = "<group>"; };
		2524C2E521556725008EBE5C /* ChatController.swift */ = {isa = PBXFileReference; lastKnownFileType = sourcecode.swift; path = ChatController.swift; sourceTree = "<group>"; };
		2524C2E72155685A008EBE5C /* ChatCell.swift */ = {isa = PBXFileReference; lastKnownFileType = sourcecode.swift; path = ChatCell.swift; sourceTree = "<group>"; };
		2565F4AE215423D30034FD72 /* GoogleService-Info.plist */ = {isa = PBXFileReference; fileEncoding = 4; lastKnownFileType = text.plist.xml; path = "GoogleService-Info.plist"; sourceTree = "<group>"; };
		2565F4B0215423DE0034FD72 /* UsersViewController.swift */ = {isa = PBXFileReference; lastKnownFileType = sourcecode.swift; path = UsersViewController.swift; sourceTree = "<group>"; };
		2565F4B4215431BA0034FD72 /* UsersCollectionViewCell.swift */ = {isa = PBXFileReference; lastKnownFileType = sourcecode.swift; path = UsersCollectionViewCell.swift; sourceTree = "<group>"; };
		2565F4B6215440910034FD72 /* UsersDetailViewController.swift */ = {isa = PBXFileReference; lastKnownFileType = sourcecode.swift; path = UsersDetailViewController.swift; sourceTree = "<group>"; };
		2565F4BA21544CFC0034FD72 /* User.swift */ = {isa = PBXFileReference; lastKnownFileType = sourcecode.swift; path = User.swift; sourceTree = "<group>"; };
		2565F4BF215461610034FD72 /* ProfileViewController.swift */ = {isa = PBXFileReference; lastKnownFileType = sourcecode.swift; path = ProfileViewController.swift; sourceTree = "<group>"; };
		25E926BA215420A400C1D019 /* reSOUND.app */ = {isa = PBXFileReference; explicitFileType = wrapper.application; includeInIndex = 0; path = reSOUND.app; sourceTree = BUILT_PRODUCTS_DIR; };
		25E926BD215420A400C1D019 /* AppDelegate.swift */ = {isa = PBXFileReference; lastKnownFileType = sourcecode.swift; path = AppDelegate.swift; sourceTree = "<group>"; };
		25E926C2215420A400C1D019 /* Base */ = {isa = PBXFileReference; lastKnownFileType = file.storyboard; name = Base; path = Base.lproj/Main.storyboard; sourceTree = "<group>"; };
		25E926C4215420A500C1D019 /* Assets.xcassets */ = {isa = PBXFileReference; lastKnownFileType = folder.assetcatalog; path = Assets.xcassets; sourceTree = "<group>"; };
		25E926C7215420A500C1D019 /* Base */ = {isa = PBXFileReference; lastKnownFileType = file.storyboard; name = Base; path = Base.lproj/LaunchScreen.storyboard; sourceTree = "<group>"; };
		25E926C9215420A500C1D019 /* Info.plist */ = {isa = PBXFileReference; lastKnownFileType = text.plist.xml; path = Info.plist; sourceTree = "<group>"; };
		25FDE3EF2156917100D1C00E /* UIButtonExtentsion.swift */ = {isa = PBXFileReference; lastKnownFileType = sourcecode.swift; path = UIButtonExtentsion.swift; sourceTree = "<group>"; };
		25FDE3F12156982B00D1C00E /* Colors.swift */ = {isa = PBXFileReference; lastKnownFileType = sourcecode.swift; path = Colors.swift; sourceTree = "<group>"; };
		25FDE3F321569AFF00D1C00E /* UIViewExtentsion.swift */ = {isa = PBXFileReference; lastKnownFileType = sourcecode.swift; path = UIViewExtentsion.swift; sourceTree = "<group>"; };
		2674E798F70AA28919A72B99 /* Pods-reSOUND.release.xcconfig */ = {isa = PBXFileReference; includeInIndex = 1; lastKnownFileType = text.xcconfig; name = "Pods-reSOUND.release.xcconfig"; path = "Pods/Target Support Files/Pods-reSOUND/Pods-reSOUND.release.xcconfig"; sourceTree = "<group>"; };
		31D6C8B4642768B3A9A9C8F6 /* Pods_reSOUND.framework */ = {isa = PBXFileReference; explicitFileType = wrapper.framework; includeInIndex = 0; path = Pods_reSOUND.framework; sourceTree = BUILT_PRODUCTS_DIR; };
		83669AED5A50297B14A9F7D8 /* Pods-reSOUND.debug.xcconfig */ = {isa = PBXFileReference; includeInIndex = 1; lastKnownFileType = text.xcconfig; name = "Pods-reSOUND.debug.xcconfig"; path = "Pods/Target Support Files/Pods-reSOUND/Pods-reSOUND.debug.xcconfig"; sourceTree = "<group>"; };
/* End PBXFileReference section */

/* Begin PBXFrameworksBuildPhase section */
		25E926B7215420A400C1D019 /* Frameworks */ = {
			isa = PBXFrameworksBuildPhase;
			buildActionMask = 2147483647;
			files = (
				B0C0FAC59BBDF97137A19CF7 /* Pods_reSOUND.framework in Frameworks */,
			);
			runOnlyForDeploymentPostprocessing = 0;
		};
/* End PBXFrameworksBuildPhase section */

/* Begin PBXGroup section */
		2565F4BC215458F90034FD72 /* Model */ = {
			isa = PBXGroup;
			children = (
				25E926BD215420A400C1D019 /* AppDelegate.swift */,
				2565F4BA21544CFC0034FD72 /* User.swift */,
				25FDE3EF2156917100D1C00E /* UIButtonExtentsion.swift */,
				25FDE3F321569AFF00D1C00E /* UIViewExtentsion.swift */,
				25FDE3F12156982B00D1C00E /* Colors.swift */,
			);
			path = Model;
			sourceTree = "<group>";
		};
		2565F4BD215459170034FD72 /* Controllers */ = {
			isa = PBXGroup;
			children = (
				2565F4B0215423DE0034FD72 /* UsersViewController.swift */,
				2565F4BF215461610034FD72 /* ProfileViewController.swift */,
				2565F4B6215440910034FD72 /* UsersDetailViewController.swift */,
				2524C2E3215550BC008EBE5C /* SignInViewController.swift */,
				2524C2E521556725008EBE5C /* ChatController.swift */,
				2524C2E72155685A008EBE5C /* ChatCell.swift */,
			);
			path = Controllers;
			sourceTree = "<group>";
		};
		2565F4BE215459300034FD72 /* Views */ = {
			isa = PBXGroup;
			children = (
				2565F4B4215431BA0034FD72 /* UsersCollectionViewCell.swift */,
				25E926C1215420A400C1D019 /* Main.storyboard */,
				25E926C6215420A500C1D019 /* LaunchScreen.storyboard */,
			);
			path = Views;
			sourceTree = "<group>";
		};
		25E926B1215420A400C1D019 = {
			isa = PBXGroup;
			children = (
				25E926BC215420A400C1D019 /* reSOUND */,
				25E926BB215420A400C1D019 /* Products */,
				4BD474E51105E74FBD2FCE4B /* Pods */,
				E4B0A29AD3089CEFA32858AC /* Frameworks */,
			);
			sourceTree = "<group>";
		};
		25E926BB215420A400C1D019 /* Products */ = {
			isa = PBXGroup;
			children = (
				25E926BA215420A400C1D019 /* reSOUND.app */,
			);
			name = Products;
			sourceTree = "<group>";
		};
		25E926BC215420A400C1D019 /* reSOUND */ = {
			isa = PBXGroup;
			children = (
				2565F4BC215458F90034FD72 /* Model */,
				2565F4BD215459170034FD72 /* Controllers */,
				2565F4BE215459300034FD72 /* Views */,
				25E926C4215420A500C1D019 /* Assets.xcassets */,
				2565F4AE215423D30034FD72 /* GoogleService-Info.plist */,
				25E926C9215420A500C1D019 /* Info.plist */,
			);
			path = reSOUND;
			sourceTree = "<group>";
		};
		4BD474E51105E74FBD2FCE4B /* Pods */ = {
			isa = PBXGroup;
			children = (
				83669AED5A50297B14A9F7D8 /* Pods-reSOUND.debug.xcconfig */,
				2674E798F70AA28919A72B99 /* Pods-reSOUND.release.xcconfig */,
			);
			name = Pods;
			sourceTree = "<group>";
		};
		E4B0A29AD3089CEFA32858AC /* Frameworks */ = {
			isa = PBXGroup;
			children = (
				31D6C8B4642768B3A9A9C8F6 /* Pods_reSOUND.framework */,
			);
			name = Frameworks;
			sourceTree = "<group>";
		};
/* End PBXGroup section */

/* Begin PBXNativeTarget section */
		25E926B9215420A400C1D019 /* reSOUND */ = {
			isa = PBXNativeTarget;
			buildConfigurationList = 25E926CC215420A500C1D019 /* Build configuration list for PBXNativeTarget "reSOUND" */;
			buildPhases = (
				9FE4F7C6FE42DD1A4A241FCC /* [CP] Check Pods Manifest.lock */,
				25E926B6215420A400C1D019 /* Sources */,
				25E926B7215420A400C1D019 /* Frameworks */,
				25E926B8215420A400C1D019 /* Resources */,
				CFD9C5D022F3F26832DD6EF0 /* [CP] Embed Pods Frameworks */,
				C130048E17903437DA94291D /* [CP] Copy Pods Resources */,
			);
			buildRules = (
			);
			dependencies = (
			);
			name = reSOUND;
			productName = reSOUND;
			productReference = 25E926BA215420A400C1D019 /* reSOUND.app */;
			productType = "com.apple.product-type.application";
		};
/* End PBXNativeTarget section */

/* Begin PBXProject section */
		25E926B2215420A400C1D019 /* Project object */ = {
			isa = PBXProject;
			attributes = {
				LastSwiftUpdateCheck = 0940;
				LastUpgradeCheck = 0940;
				ORGANIZATIONNAME = "Kyla ";
				TargetAttributes = {
					25E926B9215420A400C1D019 = {
						CreatedOnToolsVersion = 9.4.1;
					};
				};
			};
			buildConfigurationList = 25E926B5215420A400C1D019 /* Build configuration list for PBXProject "reSOUND" */;
			compatibilityVersion = "Xcode 9.3";
			developmentRegion = en;
			hasScannedForEncodings = 0;
			knownRegions = (
				en,
				Base,
			);
			mainGroup = 25E926B1215420A400C1D019;
			productRefGroup = 25E926BB215420A400C1D019 /* Products */;
			projectDirPath = "";
			projectRoot = "";
			targets = (
				25E926B9215420A400C1D019 /* reSOUND */,
			);
		};
/* End PBXProject section */

/* Begin PBXResourcesBuildPhase section */
		25E926B8215420A400C1D019 /* Resources */ = {
			isa = PBXResourcesBuildPhase;
			buildActionMask = 2147483647;
			files = (
				25E926C8215420A500C1D019 /* LaunchScreen.storyboard in Resources */,
				2565F4AF215423D30034FD72 /* GoogleService-Info.plist in Resources */,
				25E926C5215420A500C1D019 /* Assets.xcassets in Resources */,
				25E926C3215420A400C1D019 /* Main.storyboard in Resources */,
			);
			runOnlyForDeploymentPostprocessing = 0;
		};
/* End PBXResourcesBuildPhase section */

/* Begin PBXShellScriptBuildPhase section */
		9FE4F7C6FE42DD1A4A241FCC /* [CP] Check Pods Manifest.lock */ = {
			isa = PBXShellScriptBuildPhase;
			buildActionMask = 2147483647;
			files = (
			);
			inputPaths = (
				"${PODS_PODFILE_DIR_PATH}/Podfile.lock",
				"${PODS_ROOT}/Manifest.lock",
			);
			name = "[CP] Check Pods Manifest.lock";
			outputPaths = (
				"$(DERIVED_FILE_DIR)/Pods-reSOUND-checkManifestLockResult.txt",
			);
			runOnlyForDeploymentPostprocessing = 0;
			shellPath = /bin/sh;
			shellScript = "diff \"${PODS_PODFILE_DIR_PATH}/Podfile.lock\" \"${PODS_ROOT}/Manifest.lock\" > /dev/null\nif [ $? != 0 ] ; then\n    # print error to STDERR\n    echo \"error: The sandbox is not in sync with the Podfile.lock. Run 'pod install' or update your CocoaPods installation.\" >&2\n    exit 1\nfi\n# This output is used by Xcode 'outputs' to avoid re-running this script phase.\necho \"SUCCESS\" > \"${SCRIPT_OUTPUT_FILE_0}\"\n";
			showEnvVarsInLog = 0;
		};
		C130048E17903437DA94291D /* [CP] Copy Pods Resources */ = {
			isa = PBXShellScriptBuildPhase;
			buildActionMask = 2147483647;
			files = (
			);
			inputPaths = (
				"${SRCROOT}/Pods/Target Support Files/Pods-reSOUND/Pods-reSOUND-resources.sh",
				"${PODS_ROOT}/GoogleSignIn/Resources/GoogleSignIn.bundle",
			);
			name = "[CP] Copy Pods Resources";
			outputPaths = (
				"${TARGET_BUILD_DIR}/${UNLOCALIZED_RESOURCES_FOLDER_PATH}/GoogleSignIn.bundle",
			);
			runOnlyForDeploymentPostprocessing = 0;
			shellPath = /bin/sh;
			shellScript = "\"${SRCROOT}/Pods/Target Support Files/Pods-reSOUND/Pods-reSOUND-resources.sh\"\n";
			showEnvVarsInLog = 0;
		};
		CFD9C5D022F3F26832DD6EF0 /* [CP] Embed Pods Frameworks */ = {
			isa = PBXShellScriptBuildPhase;
			buildActionMask = 2147483647;
			files = (
			);
			inputPaths = (
				"${SRCROOT}/Pods/Target Support Files/Pods-reSOUND/Pods-reSOUND-frameworks.sh",
				"${BUILT_PRODUCTS_DIR}/GTMOAuth2/GTMOAuth2.framework",
				"${BUILT_PRODUCTS_DIR}/GTMSessionFetcher/GTMSessionFetcher.framework",
				"${BUILT_PRODUCTS_DIR}/GoogleToolboxForMac/GoogleToolboxForMac.framework",
				"${BUILT_PRODUCTS_DIR}/GoogleUtilities/GoogleUtilities.framework",
				"${BUILT_PRODUCTS_DIR}/leveldb-library/leveldb.framework",
				"${BUILT_PRODUCTS_DIR}/nanopb/nanopb.framework",
			);
			name = "[CP] Embed Pods Frameworks";
			outputPaths = (
				"${TARGET_BUILD_DIR}/${FRAMEWORKS_FOLDER_PATH}/GTMOAuth2.framework",
				"${TARGET_BUILD_DIR}/${FRAMEWORKS_FOLDER_PATH}/GTMSessionFetcher.framework",
				"${TARGET_BUILD_DIR}/${FRAMEWORKS_FOLDER_PATH}/GoogleToolboxForMac.framework",
				"${TARGET_BUILD_DIR}/${FRAMEWORKS_FOLDER_PATH}/GoogleUtilities.framework",
				"${TARGET_BUILD_DIR}/${FRAMEWORKS_FOLDER_PATH}/leveldb.framework",
				"${TARGET_BUILD_DIR}/${FRAMEWORKS_FOLDER_PATH}/nanopb.framework",
			);
			runOnlyForDeploymentPostprocessing = 0;
			shellPath = /bin/sh;
			shellScript = "\"${SRCROOT}/Pods/Target Support Files/Pods-reSOUND/Pods-reSOUND-frameworks.sh\"\n";
			showEnvVarsInLog = 0;
		};
/* End PBXShellScriptBuildPhase section */

/* Begin PBXSourcesBuildPhase section */
		25E926B6215420A400C1D019 /* Sources */ = {
			isa = PBXSourcesBuildPhase;
			buildActionMask = 2147483647;
			files = (
				25FDE3F02156917100D1C00E /* UIButtonExtentsion.swift in Sources */,
				25FDE3F22156982B00D1C00E /* Colors.swift in Sources */,
				2524C2E4215550BC008EBE5C /* SignInViewController.swift in Sources */,
				2565F4C0215461610034FD72 /* ProfileViewController.swift in Sources */,
				2524C2E82155685A008EBE5C /* ChatCell.swift in Sources */,
				25E926BE215420A400C1D019 /* AppDelegate.swift in Sources */,
				2524C2E621556725008EBE5C /* ChatController.swift in Sources */,
				25FDE3F421569AFF00D1C00E /* UIViewExtentsion.swift in Sources */,
				2565F4B5215431BA0034FD72 /* UsersCollectionViewCell.swift in Sources */,
				2565F4B7215440910034FD72 /* UsersDetailViewController.swift in Sources */,
				2565F4BB21544CFC0034FD72 /* User.swift in Sources */,
				2565F4B1215423DE0034FD72 /* UsersViewController.swift in Sources */,
			);
			runOnlyForDeploymentPostprocessing = 0;
		};
/* End PBXSourcesBuildPhase section */

/* Begin PBXVariantGroup section */
		25E926C1215420A400C1D019 /* Main.storyboard */ = {
			isa = PBXVariantGroup;
			children = (
				25E926C2215420A400C1D019 /* Base */,
			);
			name = Main.storyboard;
			sourceTree = "<group>";
		};
		25E926C6215420A500C1D019 /* LaunchScreen.storyboard */ = {
			isa = PBXVariantGroup;
			children = (
				25E926C7215420A500C1D019 /* Base */,
			);
			name = LaunchScreen.storyboard;
			sourceTree = "<group>";
		};
/* End PBXVariantGroup section */

/* Begin XCBuildConfiguration section */
		25E926CA215420A500C1D019 /* Debug */ = {
			isa = XCBuildConfiguration;
			buildSettings = {
				ALWAYS_SEARCH_USER_PATHS = NO;
				CLANG_ANALYZER_NONNULL = YES;
				CLANG_ANALYZER_NUMBER_OBJECT_CONVERSION = YES_AGGRESSIVE;
				CLANG_CXX_LANGUAGE_STANDARD = "gnu++14";
				CLANG_CXX_LIBRARY = "libc++";
				CLANG_ENABLE_MODULES = YES;
				CLANG_ENABLE_OBJC_ARC = YES;
				CLANG_ENABLE_OBJC_WEAK = YES;
				CLANG_WARN_BLOCK_CAPTURE_AUTORELEASING = YES;
				CLANG_WARN_BOOL_CONVERSION = YES;
				CLANG_WARN_COMMA = YES;
				CLANG_WARN_CONSTANT_CONVERSION = YES;
				CLANG_WARN_DEPRECATED_OBJC_IMPLEMENTATIONS = YES;
				CLANG_WARN_DIRECT_OBJC_ISA_USAGE = YES_ERROR;
				CLANG_WARN_DOCUMENTATION_COMMENTS = YES;
				CLANG_WARN_EMPTY_BODY = YES;
				CLANG_WARN_ENUM_CONVERSION = YES;
				CLANG_WARN_INFINITE_RECURSION = YES;
				CLANG_WARN_INT_CONVERSION = YES;
				CLANG_WARN_NON_LITERAL_NULL_CONVERSION = YES;
				CLANG_WARN_OBJC_IMPLICIT_RETAIN_SELF = YES;
				CLANG_WARN_OBJC_LITERAL_CONVERSION = YES;
				CLANG_WARN_OBJC_ROOT_CLASS = YES_ERROR;
				CLANG_WARN_RANGE_LOOP_ANALYSIS = YES;
				CLANG_WARN_STRICT_PROTOTYPES = YES;
				CLANG_WARN_SUSPICIOUS_MOVE = YES;
				CLANG_WARN_UNGUARDED_AVAILABILITY = YES_AGGRESSIVE;
				CLANG_WARN_UNREACHABLE_CODE = YES;
				CLANG_WARN__DUPLICATE_METHOD_MATCH = YES;
				CODE_SIGN_IDENTITY = "iPhone Developer";
				COPY_PHASE_STRIP = NO;
				DEBUG_INFORMATION_FORMAT = dwarf;
				ENABLE_STRICT_OBJC_MSGSEND = YES;
				ENABLE_TESTABILITY = YES;
				GCC_C_LANGUAGE_STANDARD = gnu11;
				GCC_DYNAMIC_NO_PIC = NO;
				GCC_NO_COMMON_BLOCKS = YES;
				GCC_OPTIMIZATION_LEVEL = 0;
				GCC_PREPROCESSOR_DEFINITIONS = (
					"DEBUG=1",
					"$(inherited)",
				);
				GCC_WARN_64_TO_32_BIT_CONVERSION = YES;
				GCC_WARN_ABOUT_RETURN_TYPE = YES_ERROR;
				GCC_WARN_UNDECLARED_SELECTOR = YES;
				GCC_WARN_UNINITIALIZED_AUTOS = YES_AGGRESSIVE;
				GCC_WARN_UNUSED_FUNCTION = YES;
				GCC_WARN_UNUSED_VARIABLE = YES;
				IPHONEOS_DEPLOYMENT_TARGET = 11.4;
				MTL_ENABLE_DEBUG_INFO = YES;
				ONLY_ACTIVE_ARCH = YES;
				SDKROOT = iphoneos;
				SWIFT_ACTIVE_COMPILATION_CONDITIONS = DEBUG;
				SWIFT_OPTIMIZATION_LEVEL = "-Onone";
			};
			name = Debug;
		};
		25E926CB215420A500C1D019 /* Release */ = {
			isa = XCBuildConfiguration;
			buildSettings = {
				ALWAYS_SEARCH_USER_PATHS = NO;
				CLANG_ANALYZER_NONNULL = YES;
				CLANG_ANALYZER_NUMBER_OBJECT_CONVERSION = YES_AGGRESSIVE;
				CLANG_CXX_LANGUAGE_STANDARD = "gnu++14";
				CLANG_CXX_LIBRARY = "libc++";
				CLANG_ENABLE_MODULES = YES;
				CLANG_ENABLE_OBJC_ARC = YES;
				CLANG_ENABLE_OBJC_WEAK = YES;
				CLANG_WARN_BLOCK_CAPTURE_AUTORELEASING = YES;
				CLANG_WARN_BOOL_CONVERSION = YES;
				CLANG_WARN_COMMA = YES;
				CLANG_WARN_CONSTANT_CONVERSION = YES;
				CLANG_WARN_DEPRECATED_OBJC_IMPLEMENTATIONS = YES;
				CLANG_WARN_DIRECT_OBJC_ISA_USAGE = YES_ERROR;
				CLANG_WARN_DOCUMENTATION_COMMENTS = YES;
				CLANG_WARN_EMPTY_BODY = YES;
				CLANG_WARN_ENUM_CONVERSION = YES;
				CLANG_WARN_INFINITE_RECURSION = YES;
				CLANG_WARN_INT_CONVERSION = YES;
				CLANG_WARN_NON_LITERAL_NULL_CONVERSION = YES;
				CLANG_WARN_OBJC_IMPLICIT_RETAIN_SELF = YES;
				CLANG_WARN_OBJC_LITERAL_CONVERSION = YES;
				CLANG_WARN_OBJC_ROOT_CLASS = YES_ERROR;
				CLANG_WARN_RANGE_LOOP_ANALYSIS = YES;
				CLANG_WARN_STRICT_PROTOTYPES = YES;
				CLANG_WARN_SUSPICIOUS_MOVE = YES;
				CLANG_WARN_UNGUARDED_AVAILABILITY = YES_AGGRESSIVE;
				CLANG_WARN_UNREACHABLE_CODE = YES;
				CLANG_WARN__DUPLICATE_METHOD_MATCH = YES;
				CODE_SIGN_IDENTITY = "iPhone Developer";
				COPY_PHASE_STRIP = NO;
				DEBUG_INFORMATION_FORMAT = "dwarf-with-dsym";
				ENABLE_NS_ASSERTIONS = NO;
				ENABLE_STRICT_OBJC_MSGSEND = YES;
				GCC_C_LANGUAGE_STANDARD = gnu11;
				GCC_NO_COMMON_BLOCKS = YES;
				GCC_WARN_64_TO_32_BIT_CONVERSION = YES;
				GCC_WARN_ABOUT_RETURN_TYPE = YES_ERROR;
				GCC_WARN_UNDECLARED_SELECTOR = YES;
				GCC_WARN_UNINITIALIZED_AUTOS = YES_AGGRESSIVE;
				GCC_WARN_UNUSED_FUNCTION = YES;
				GCC_WARN_UNUSED_VARIABLE = YES;
				IPHONEOS_DEPLOYMENT_TARGET = 11.4;
				MTL_ENABLE_DEBUG_INFO = NO;
				SDKROOT = iphoneos;
				SWIFT_COMPILATION_MODE = wholemodule;
				SWIFT_OPTIMIZATION_LEVEL = "-O";
				VALIDATE_PRODUCT = YES;
			};
			name = Release;
		};
		25E926CD215420A500C1D019 /* Debug */ = {
			isa = XCBuildConfiguration;
			baseConfigurationReference = 83669AED5A50297B14A9F7D8 /* Pods-reSOUND.debug.xcconfig */;
			buildSettings = {
				ASSETCATALOG_COMPILER_APPICON_NAME = AppIcon;
				CODE_SIGN_STYLE = Automatic;
				DEVELOPMENT_TEAM = 8457254V38;
				INFOPLIST_FILE = reSOUND/Info.plist;
				LD_RUNPATH_SEARCH_PATHS = (
					"$(inherited)",
					"@executable_path/Frameworks",
				);
				PRODUCT_BUNDLE_IDENTIFIER = Kyla.reSOUND;
				PRODUCT_NAME = "$(TARGET_NAME)";
				SWIFT_VERSION = 4.0;
				TARGETED_DEVICE_FAMILY = "1,2";
			};
			name = Debug;
		};
		25E926CE215420A500C1D019 /* Release */ = {
			isa = XCBuildConfiguration;
			baseConfigurationReference = 2674E798F70AA28919A72B99 /* Pods-reSOUND.release.xcconfig */;
			buildSettings = {
				ASSETCATALOG_COMPILER_APPICON_NAME = AppIcon;
				CODE_SIGN_STYLE = Automatic;
				DEVELOPMENT_TEAM = 8457254V38;
				INFOPLIST_FILE = reSOUND/Info.plist;
				LD_RUNPATH_SEARCH_PATHS = (
					"$(inherited)",
					"@executable_path/Frameworks",
				);
				PRODUCT_BUNDLE_IDENTIFIER = Kyla.reSOUND;
				PRODUCT_NAME = "$(TARGET_NAME)";
				SWIFT_VERSION = 4.0;
				TARGETED_DEVICE_FAMILY = "1,2";
			};
			name = Release;
		};
/* End XCBuildConfiguration section */

/* Begin XCConfigurationList section */
		25E926B5215420A400C1D019 /* Build configuration list for PBXProject "reSOUND" */ = {
			isa = XCConfigurationList;
			buildConfigurations = (
				25E926CA215420A500C1D019 /* Debug */,
				25E926CB215420A500C1D019 /* Release */,
			);
			defaultConfigurationIsVisible = 0;
			defaultConfigurationName = Release;
		};
		25E926CC215420A500C1D019 /* Build configuration list for PBXNativeTarget "reSOUND" */ = {
			isa = XCConfigurationList;
			buildConfigurations = (
				25E926CD215420A500C1D019 /* Debug */,
				25E926CE215420A500C1D019 /* Release */,
			);
			defaultConfigurationIsVisible = 0;
			defaultConfigurationName = Release;
		};
/* End XCConfigurationList section */
	};
	rootObject = 25E926B2215420A400C1D019 /* Project object */;
}
